
Microsoft Visual Studio Solution File, Format Version 12.00
Project("{FAE04EC0-301F-11D3-BF4B-00C04F79EFBC}") = "MovieAPI", "MovieAPI\MovieAPI.csproj", "{801DD4A5-BE41-4892-A6D4-5AEA90D35340}"
EndProject
Global
	GlobalSection(SolutionConfigurationPlatforms) = preSolution
		Debug|Any CPU = Debug|Any CPU
		Release|Any CPU = Release|Any CPU
	EndGlobalSection
	GlobalSection(ProjectConfigurationPlatforms) = postSolution
		{801DD4A5-BE41-4892-A6D4-5AEA90D35340}.Debug|Any CPU.ActiveCfg = Debug|Any CPU
		{801DD4A5-BE41-4892-A6D4-5AEA90D35340}.Debug|Any CPU.Build.0 = Debug|Any CPU
		{801DD4A5-BE41-4892-A6D4-5AEA90D35340}.Release|Any CPU.ActiveCfg = Release|Any CPU
		{801DD4A5-BE41-4892-A6D4-5AEA90D35340}.Release|Any CPU.Build.0 = Release|Any CPU
	EndGlobalSection
EndGlobal
